
Microsoft Visual Studio Solution File, Format Version 12.00
Project("{FAE04EC0-301F-11D3-BF4B-00C04F79EFBC}") = "CustomSCPAudioApi", "CustomSCPAudioApi\CustomSCPAudioApi.csproj", "{44769118-C221-4824-8042-8CE9A21246D9}"
EndProject
Project("{FAE04EC0-301F-11D3-BF4B-00C04F79EFBC}") = "ExamplePlugin", "ExamplePlugin\ExamplePlugin.csproj", "{EC85761B-D5A2-4C6B-8A41-60F7EDF5C893}"
EndProject
Global
	GlobalSection(SolutionConfigurationPlatforms) = preSolution
		Debug|Any CPU = Debug|Any CPU
		Release|Any CPU = Release|Any CPU
	EndGlobalSection
	GlobalSection(ProjectConfigurationPlatforms) = postSolution
		{44769118-C221-4824-8042-8CE9A21246D9}.Debug|Any CPU.ActiveCfg = Debug|Any CPU
		{44769118-C221-4824-8042-8CE9A21246D9}.Debug|Any CPU.Build.0 = Debug|Any CPU
		{44769118-C221-4824-8042-8CE9A21246D9}.Release|Any CPU.ActiveCfg = Release|Any CPU
		{44769118-C221-4824-8042-8CE9A21246D9}.Release|Any CPU.Build.0 = Release|Any CPU
		{EC85761B-D5A2-4C6B-8A41-60F7EDF5C893}.Debug|Any CPU.ActiveCfg = Debug|Any CPU
		{EC85761B-D5A2-4C6B-8A41-60F7EDF5C893}.Debug|Any CPU.Build.0 = Debug|Any CPU
		{EC85761B-D5A2-4C6B-8A41-60F7EDF5C893}.Release|Any CPU.ActiveCfg = Release|Any CPU
		{EC85761B-D5A2-4C6B-8A41-60F7EDF5C893}.Release|Any CPU.Build.0 = Release|Any CPU
	EndGlobalSection
EndGlobal
